
Microsoft Visual Studio Solution File, Format Version 12.00
# Visual Studio 15
VisualStudioVersion = 15.0.27130.2024
MinimumVisualStudioVersion = 10.0.40219.1
Project("{FAE04EC0-301F-11D3-BF4B-00C04F79EFBC}") = "EADbox-Test", "EADbox-Test.csproj", "{F7D575CF-9370-40AA-A0E4-C2FD2C050B3A}"
EndProject
Global
	GlobalSection(SolutionConfigurationPlatforms) = preSolution
		Debug|Any CPU = Debug|Any CPU
		Release|Any CPU = Release|Any CPU
	EndGlobalSection
	GlobalSection(ProjectConfigurationPlatforms) = postSolution
		{F7D575CF-9370-40AA-A0E4-C2FD2C050B3A}.Debug|Any CPU.ActiveCfg = Debug|Any CPU
		{F7D575CF-9370-40AA-A0E4-C2FD2C050B3A}.Debug|Any CPU.Build.0 = Debug|Any CPU
		{F7D575CF-9370-40AA-A0E4-C2FD2C050B3A}.Release|Any CPU.ActiveCfg = Release|Any CPU
		{F7D575CF-9370-40AA-A0E4-C2FD2C050B3A}.Release|Any CPU.Build.0 = Release|Any CPU
	EndGlobalSection
	GlobalSection(SolutionProperties) = preSolution
		HideSolutionNode = FALSE
	EndGlobalSection
	GlobalSection(ExtensibilityGlobals) = postSolution
		SolutionGuid = {7B98EEC6-4119-4CB0-8C6D-444AEE597BE8}
	EndGlobalSection
EndGlobal
